
Microsoft Visual Studio Solution File, Format Version 12.00
# Visual Studio Version 17
VisualStudioVersion = 17.0.31717.71
MinimumVisualStudioVersion = 10.0.40219.1
Project("{9A19103F-16F7-4668-BE54-9A1E7A4F7556}") = "DotNetCoolMovies.ApiService", "DotNetCoolMovies.ApiService\DotNetCoolMovies.ApiService.csproj", "{9550D7B9-B1F8-4D2D-8D6B-347D53AFA425}"
EndProject
Project("{9A19103F-16F7-4668-BE54-9A1E7A4F7556}") = "DotNetCoolMovies.Core", "DotNetCoolMovies.Core\DotNetCoolMovies.Core.csproj", "{34C2EFC6-961A-4C5F-A03F-772CE34A4E21}"
EndProject
Project("{9A19103F-16F7-4668-BE54-9A1E7A4F7556}") = "DotNetCoolMovies.Data", "DotNetCoolMovies.Data\DotNetCoolMovies.Data.csproj", "{8A96EAAA-1B7D-4A19-8B6B-2221B6E50176}"
EndProject
Project("{9A19103F-16F7-4668-BE54-9A1E7A4F7556}") = "DotNetCoolMovies.Infrastructure", "DotNetCoolMovies.Infrastructure\DotNetCoolMovies.Infrastructure.csproj", "{C0F2B465-548B-47E1-98AC-F3E46F6F2FFE}"
EndProject
Project("{9A19103F-16F7-4668-BE54-9A1E7A4F7556}") = "DotNetCoolMovies.Tests", "DotNetCoolMovies.Tests\DotNetCoolMovies.Tests.csproj", "{516161E1-1281-4DDA-96BC-EB6399070C20}"
EndProject
Project("{FAE04EC0-301F-11D3-BF4B-00C04F79EFBC}") = "DotNetCoolMovies.ReactUI", "DotNetCoolMovies.ReactUI\DotNetCoolMovies.ReactUI.csproj", "{E8D0D11D-B206-4F9B-A6BE-A9F79D3AC8DD}"
EndProject
Global
	GlobalSection(SolutionConfigurationPlatforms) = preSolution
		Debug|Any CPU = Debug|Any CPU
		Release|Any CPU = Release|Any CPU
	EndGlobalSection
	GlobalSection(ProjectConfigurationPlatforms) = postSolution
		{9550D7B9-B1F8-4D2D-8D6B-347D53AFA425}.Debug|Any CPU.ActiveCfg = Debug|Any CPU
		{9550D7B9-B1F8-4D2D-8D6B-347D53AFA425}.Debug|Any CPU.Build.0 = Debug|Any CPU
		{9550D7B9-B1F8-4D2D-8D6B-347D53AFA425}.Release|Any CPU.ActiveCfg = Release|Any CPU
		{9550D7B9-B1F8-4D2D-8D6B-347D53AFA425}.Release|Any CPU.Build.0 = Release|Any CPU
		{34C2EFC6-961A-4C5F-A03F-772CE34A4E21}.Debug|Any CPU.ActiveCfg = Debug|Any CPU
		{34C2EFC6-961A-4C5F-A03F-772CE34A4E21}.Debug|Any CPU.Build.0 = Debug|Any CPU
		{34C2EFC6-961A-4C5F-A03F-772CE34A4E21}.Release|Any CPU.ActiveCfg = Release|Any CPU
		{34C2EFC6-961A-4C5F-A03F-772CE34A4E21}.Release|Any CPU.Build.0 = Release|Any CPU
		{8A96EAAA-1B7D-4A19-8B6B-2221B6E50176}.Debug|Any CPU.ActiveCfg = Debug|Any CPU
		{8A96EAAA-1B7D-4A19-8B6B-2221B6E50176}.Debug|Any CPU.Build.0 = Debug|Any CPU
		{8A96EAAA-1B7D-4A19-8B6B-2221B6E50176}.Release|Any CPU.ActiveCfg = Release|Any CPU
		{8A96EAAA-1B7D-4A19-8B6B-2221B6E50176}.Release|Any CPU.Build.0 = Release|Any CPU
		{C0F2B465-548B-47E1-98AC-F3E46F6F2FFE}.Debug|Any CPU.ActiveCfg = Debug|Any CPU
		{C0F2B465-548B-47E1-98AC-F3E46F6F2FFE}.Debug|Any CPU.Build.0 = Debug|Any CPU
		{C0F2B465-548B-47E1-98AC-F3E46F6F2FFE}.Release|Any CPU.ActiveCfg = Release|Any CPU
		{C0F2B465-548B-47E1-98AC-F3E46F6F2FFE}.Release|Any CPU.Build.0 = Release|Any CPU
		{516161E1-1281-4DDA-96BC-EB6399070C20}.Debug|Any CPU.ActiveCfg = Debug|Any CPU
		{516161E1-1281-4DDA-96BC-EB6399070C20}.Debug|Any CPU.Build.0 = Debug|Any CPU
		{516161E1-1281-4DDA-96BC-EB6399070C20}.Release|Any CPU.ActiveCfg = Release|Any CPU
		{516161E1-1281-4DDA-96BC-EB6399070C20}.Release|Any CPU.Build.0 = Release|Any CPU
		{E8D0D11D-B206-4F9B-A6BE-A9F79D3AC8DD}.Debug|Any CPU.ActiveCfg = Debug|Any CPU
		{E8D0D11D-B206-4F9B-A6BE-A9F79D3AC8DD}.Debug|Any CPU.Build.0 = Debug|Any CPU
		{E8D0D11D-B206-4F9B-A6BE-A9F79D3AC8DD}.Release|Any CPU.ActiveCfg = Release|Any CPU
		{E8D0D11D-B206-4F9B-A6BE-A9F79D3AC8DD}.Release|Any CPU.Build.0 = Release|Any CPU
	EndGlobalSection
	GlobalSection(SolutionProperties) = preSolution
		HideSolutionNode = FALSE
	EndGlobalSection
	GlobalSection(ExtensibilityGlobals) = postSolution
		SolutionGuid = {3A2044E6-CE6B-4FD4-822A-7A61E2389F10}
	EndGlobalSection
EndGlobal
